
Microsoft Visual Studio Solution File, Format Version 12.00
# Visual Studio Version 16
VisualStudioVersion = 16.0.31911.196
MinimumVisualStudioVersion = 10.0.40219.1
Project("{FAE04EC0-301F-11D3-BF4B-00C04F79EFBC}") = "labos5", "labos5.csproj", "{0237E96B-24FB-4FCC-9067-2AE14C183BEF}"
EndProject
Global
	GlobalSection(SolutionConfigurationPlatforms) = preSolution
		Debug|Any CPU = Debug|Any CPU
		Release|Any CPU = Release|Any CPU
	EndGlobalSection
	GlobalSection(ProjectConfigurationPlatforms) = postSolution
		{0237E96B-24FB-4FCC-9067-2AE14C183BEF}.Debug|Any CPU.ActiveCfg = Debug|Any CPU
		{0237E96B-24FB-4FCC-9067-2AE14C183BEF}.Debug|Any CPU.Build.0 = Debug|Any CPU
		{0237E96B-24FB-4FCC-9067-2AE14C183BEF}.Release|Any CPU.ActiveCfg = Release|Any CPU
		{0237E96B-24FB-4FCC-9067-2AE14C183BEF}.Release|Any CPU.Build.0 = Release|Any CPU
	EndGlobalSection
	GlobalSection(SolutionProperties) = preSolution
		HideSolutionNode = FALSE
	EndGlobalSection
	GlobalSection(ExtensibilityGlobals) = postSolution
		SolutionGuid = {811723A8-DECB-44E9-A72C-2E2EEE693C4F}
	EndGlobalSection
EndGlobal
